
Microsoft Visual Studio Solution File, Format Version 12.00
# Visual Studio Version 17
VisualStudioVersion = 17.9.34701.34
MinimumVisualStudioVersion = 10.0.40219.1
Project("{9A19103F-16F7-4668-BE54-9A1E7A4F7556}") = "RealTimeRestaurant.Api", "RealTimeRestaurant.Api\RealTimeRestaurant.Api.csproj", "{BD856CA0-1A62-4389-A90E-BA3BC55E1A8E}"
EndProject
Project("{9A19103F-16F7-4668-BE54-9A1E7A4F7556}") = "RealTimeRestaurant.WebUI", "RealTimeRestaurant.WebUI\RealTimeRestaurant.WebUI.csproj", "{CEAEA480-C68E-49D3-BC60-15E741C93859}"
EndProject
Project("{FAE04EC0-301F-11D3-BF4B-00C04F79EFBC}") = "RealTimeRestaurant.EntityLayer", "RealTimeRestaurant.EntityLayer\RealTimeRestaurant.EntityLayer.csproj", "{E9F7AB89-B365-40CD-B385-434373DC2782}"
EndProject
Project("{FAE04EC0-301F-11D3-BF4B-00C04F79EFBC}") = "RealTimeRestaurant.DataAccessLayer", "RealTimeRestaurant.DataAccessLayer\RealTimeRestaurant.DataAccessLayer.csproj", "{ACD5B228-9B71-4C2B-8FA3-357A741B260F}"
EndProject
Project("{FAE04EC0-301F-11D3-BF4B-00C04F79EFBC}") = "RealTimeRestaurant.DtoLayer", "RealTimeRestaurant.DtoLayer\RealTimeRestaurant.DtoLayer.csproj", "{0A6CC93D-AB86-4E22-BFFA-D4A1A3D96431}"
EndProject
Project("{FAE04EC0-301F-11D3-BF4B-00C04F79EFBC}") = "RealTimeRestaurant.BusinessLayer", "RealTimeRestaurant.BusinessLayer\RealTimeRestaurant.BusinessLayer.csproj", "{D85350B4-E5BD-4C1C-92C1-D725FC5C2624}"
EndProject
Global
	GlobalSection(SolutionConfigurationPlatforms) = preSolution
		Debug|Any CPU = Debug|Any CPU
		Release|Any CPU = Release|Any CPU
	EndGlobalSection
	GlobalSection(ProjectConfigurationPlatforms) = postSolution
		{BD856CA0-1A62-4389-A90E-BA3BC55E1A8E}.Debug|Any CPU.ActiveCfg = Debug|Any CPU
		{BD856CA0-1A62-4389-A90E-BA3BC55E1A8E}.Debug|Any CPU.Build.0 = Debug|Any CPU
		{BD856CA0-1A62-4389-A90E-BA3BC55E1A8E}.Release|Any CPU.ActiveCfg = Release|Any CPU
		{BD856CA0-1A62-4389-A90E-BA3BC55E1A8E}.Release|Any CPU.Build.0 = Release|Any CPU
		{CEAEA480-C68E-49D3-BC60-15E741C93859}.Debug|Any CPU.ActiveCfg = Debug|Any CPU
		{CEAEA480-C68E-49D3-BC60-15E741C93859}.Debug|Any CPU.Build.0 = Debug|Any CPU
		{CEAEA480-C68E-49D3-BC60-15E741C93859}.Release|Any CPU.ActiveCfg = Release|Any CPU
		{CEAEA480-C68E-49D3-BC60-15E741C93859}.Release|Any CPU.Build.0 = Release|Any CPU
		{E9F7AB89-B365-40CD-B385-434373DC2782}.Debug|Any CPU.ActiveCfg = Debug|Any CPU
		{E9F7AB89-B365-40CD-B385-434373DC2782}.Debug|Any CPU.Build.0 = Debug|Any CPU
		{E9F7AB89-B365-40CD-B385-434373DC2782}.Release|Any CPU.ActiveCfg = Release|Any CPU
		{E9F7AB89-B365-40CD-B385-434373DC2782}.Release|Any CPU.Build.0 = Release|Any CPU
		{ACD5B228-9B71-4C2B-8FA3-357A741B260F}.Debug|Any CPU.ActiveCfg = Debug|Any CPU
		{ACD5B228-9B71-4C2B-8FA3-357A741B260F}.Debug|Any CPU.Build.0 = Debug|Any CPU
		{ACD5B228-9B71-4C2B-8FA3-357A741B260F}.Release|Any CPU.ActiveCfg = Release|Any CPU
		{ACD5B228-9B71-4C2B-8FA3-357A741B260F}.Release|Any CPU.Build.0 = Release|Any CPU
		{0A6CC93D-AB86-4E22-BFFA-D4A1A3D96431}.Debug|Any CPU.ActiveCfg = Debug|Any CPU
		{0A6CC93D-AB86-4E22-BFFA-D4A1A3D96431}.Debug|Any CPU.Build.0 = Debug|Any CPU
		{0A6CC93D-AB86-4E22-BFFA-D4A1A3D96431}.Release|Any CPU.ActiveCfg = Release|Any CPU
		{0A6CC93D-AB86-4E22-BFFA-D4A1A3D96431}.Release|Any CPU.Build.0 = Release|Any CPU
		{D85350B4-E5BD-4C1C-92C1-D725FC5C2624}.Debug|Any CPU.ActiveCfg = Debug|Any CPU
		{D85350B4-E5BD-4C1C-92C1-D725FC5C2624}.Debug|Any CPU.Build.0 = Debug|Any CPU
		{D85350B4-E5BD-4C1C-92C1-D725FC5C2624}.Release|Any CPU.ActiveCfg = Release|Any CPU
		{D85350B4-E5BD-4C1C-92C1-D725FC5C2624}.Release|Any CPU.Build.0 = Release|Any CPU
	EndGlobalSection
	GlobalSection(SolutionProperties) = preSolution
		HideSolutionNode = FALSE
	EndGlobalSection
	GlobalSection(ExtensibilityGlobals) = postSolution
		SolutionGuid = {9CA81095-18D9-4C2D-8CF2-BC7A81666708}
	EndGlobalSection
EndGlobal
